
Microsoft Visual Studio Solution File, Format Version 12.00
# Visual Studio 15
VisualStudioVersion = 15.0.28307.106
MinimumVisualStudioVersion = 10.0.40219.1
Project("{FAE04EC0-301F-11D3-BF4B-00C04F79EFBC}") = "BusquedaSecuencial", "BusquedaSecuencial\BusquedaSecuencial.csproj", "{DD1AF5F6-F393-46C9-9DF6-1652E72F220D}"
EndProject
Project("{FAE04EC0-301F-11D3-BF4B-00C04F79EFBC}") = "BusquedaSecuencialVector", "BusquedaSecuencialVector\BusquedaSecuencialVector.csproj", "{ADBDCE13-CCA3-4D24-801D-E2782E4E1CF6}"
EndProject
Global
	GlobalSection(SolutionConfigurationPlatforms) = preSolution
		Debug|Any CPU = Debug|Any CPU
		Release|Any CPU = Release|Any CPU
	EndGlobalSection
	GlobalSection(ProjectConfigurationPlatforms) = postSolution
		{DD1AF5F6-F393-46C9-9DF6-1652E72F220D}.Debug|Any CPU.ActiveCfg = Debug|Any CPU
		{DD1AF5F6-F393-46C9-9DF6-1652E72F220D}.Debug|Any CPU.Build.0 = Debug|Any CPU
		{DD1AF5F6-F393-46C9-9DF6-1652E72F220D}.Release|Any CPU.ActiveCfg = Release|Any CPU
		{DD1AF5F6-F393-46C9-9DF6-1652E72F220D}.Release|Any CPU.Build.0 = Release|Any CPU
		{ADBDCE13-CCA3-4D24-801D-E2782E4E1CF6}.Debug|Any CPU.ActiveCfg = Debug|Any CPU
		{ADBDCE13-CCA3-4D24-801D-E2782E4E1CF6}.Debug|Any CPU.Build.0 = Debug|Any CPU
		{ADBDCE13-CCA3-4D24-801D-E2782E4E1CF6}.Release|Any CPU.ActiveCfg = Release|Any CPU
		{ADBDCE13-CCA3-4D24-801D-E2782E4E1CF6}.Release|Any CPU.Build.0 = Release|Any CPU
	EndGlobalSection
	GlobalSection(SolutionProperties) = preSolution
		HideSolutionNode = FALSE
	EndGlobalSection
	GlobalSection(ExtensibilityGlobals) = postSolution
		SolutionGuid = {3357CF22-8337-4BFA-BD92-F5934DC38DEA}
	EndGlobalSection
EndGlobal
